// !$*UTF8*$!
{
	archiveVersion = 1;
	classes = {
	};
	objectVersion = 46;
	objects = {

/* Begin PBXBuildFile section */
		A8262B951EF1EEFC00DFFDE6 /* AppDelegate.swift in Sources */ = {isa = PBXBuildFile; fileRef = A8262B941EF1EEFC00DFFDE6 /* AppDelegate.swift */; };
		A8262B971EF1EEFC00DFFDE6 /* ViewController.swift in Sources */ = {isa = PBXBuildFile; fileRef = A8262B961EF1EEFC00DFFDE6 /* ViewController.swift */; };
		A8262B9A1EF1EEFC00DFFDE6 /* Main.storyboard in Resources */ = {isa = PBXBuildFile; fileRef = A8262B981EF1EEFC00DFFDE6 /* Main.storyboard */; };
		A8262B9C1EF1EEFC00DFFDE6 /* Assets.xcassets in Resources */ = {isa = PBXBuildFile; fileRef = A8262B9B1EF1EEFC00DFFDE6 /* Assets.xcassets */; };
		A8262B9F1EF1EEFC00DFFDE6 /* LaunchScreen.storyboard in Resources */ = {isa = PBXBuildFile; fileRef = A8262B9D1EF1EEFC00DFFDE6 /* LaunchScreen.storyboard */; };
		A8262BAA1EF1EEFD00DFFDE6 /* FESwiftInterviewTests.swift in Sources */ = {isa = PBXBuildFile; fileRef = A8262BA91EF1EEFD00DFFDE6 /* FESwiftInterviewTests.swift */; };
		A8262BB51EF1EEFD00DFFDE6 /* FESwiftInterviewUITests.swift in Sources */ = {isa = PBXBuildFile; fileRef = A8262BB41EF1EEFD00DFFDE6 /* FESwiftInterviewUITests.swift */; };
		A85A37D31EF350BD002B3C79 /* BuyProtocol.swift in Sources */ = {isa = PBXBuildFile; fileRef = A85A37D21EF350BD002B3C79 /* BuyProtocol.swift */; };
		C522A0181EF4D0C200405F13 /* Student.swift in Sources */ = {isa = PBXBuildFile; fileRef = C522A0171EF4D0C200405F13 /* Student.swift */; };
		C522A01A1EF4E2A900405F13 /* Extension.swift in Sources */ = {isa = PBXBuildFile; fileRef = C522A0191EF4E2A900405F13 /* Extension.swift */; };
/* End PBXBuildFile section */

/* Begin PBXContainerItemProxy section */
		A8262BA61EF1EEFD00DFFDE6 /* PBXContainerItemProxy */ = {
			isa = PBXContainerItemProxy;
			containerPortal = A8262B891EF1EEFC00DFFDE6 /* Project object */;
			proxyType = 1;
			remoteGlobalIDString = A8262B901EF1EEFC00DFFDE6;
			remoteInfo = FESwiftInterview;
		};
		A8262BB11EF1EEFD00DFFDE6 /* PBXContainerItemProxy */ = {
			isa = PBXContainerItemProxy;
			containerPortal = A8262B891EF1EEFC00DFFDE6 /* Project object */;
			proxyType = 1;
			remoteGlobalIDString = A8262B901EF1EEFC00DFFDE6;
			remoteInfo = FESwiftInterview;
		};
/* End PBXContainerItemProxy section */

/* Begin PBXFileReference section */
		A8262B911EF1EEFC00DFFDE6 /* FESwiftInterview.app */ = {isa = PBXFileReference; explicitFileType = wrapper.application; includeInIndex = 0; path = FESwiftInterview.app; sourceTree = BUILT_PRODUCTS_DIR; };
		A8262B941EF1EEFC00DFFDE6 /* AppDelegate.swift */ = {isa = PBXFileReference; lastKnownFileType = sourcecode.swift; path = AppDelegate.swift; sourceTree = "<group>"; };
		A8262B961EF1EEFC00DFFDE6 /* ViewController.swift */ = {isa = PBXFileReference; lastKnownFileType = sourcecode.swift; path = ViewController.swift; sourceTree = "<group>"; };
		A8262B991EF1EEFC00DFFDE6 /* Base */ = {isa = PBXFileReference; lastKnownFileType = file.storyboard; name = Base; path = Base.lproj/Main.storyboard; sourceTree = "<group>"; };
		A8262B9B1EF1EEFC00DFFDE6 /* Assets.xcassets */ = {isa = PBXFileReference; lastKnownFileType = folder.assetcatalog; path = Assets.xcassets; sourceTree = "<group>"; };
		A8262B9E1EF1EEFC00DFFDE6 /* Base */ = {isa = PBXFileReference; lastKnownFileType = file.storyboard; name = Base; path = Base.lproj/LaunchScreen.storyboard; sourceTree = "<group>"; };
		A8262BA01EF1EEFC00DFFDE6 /* Info.plist */ = {isa = PBXFileReference; lastKnownFileType = text.plist.xml; path = Info.plist; sourceTree = "<group>"; };
		A8262BA51EF1EEFD00DFFDE6 /* FESwiftInterviewTests.xctest */ = {isa = PBXFileReference; explicitFileType = wrapper.cfbundle; includeInIndex = 0; path = FESwiftInterviewTests.xctest; sourceTree = BUILT_PRODUCTS_DIR; };
		A8262BA91EF1EEFD00DFFDE6 /* FESwiftInterviewTests.swift */ = {isa = PBXFileReference; lastKnownFileType = sourcecode.swift; path = FESwiftInterviewTests.swift; sourceTree = "<group>"; };
		A8262BAB1EF1EEFD00DFFDE6 /* Info.plist */ = {isa = PBXFileReference; lastKnownFileType = text.plist.xml; path = Info.plist; sourceTree = "<group>"; };
		A8262BB01EF1EEFD00DFFDE6 /* FESwiftInterviewUITests.xctest */ = {isa = PBXFileReference; explicitFileType = wrapper.cfbundle; includeInIndex = 0; path = FESwiftInterviewUITests.xctest; sourceTree = BUILT_PRODUCTS_DIR; };
		A8262BB41EF1EEFD00DFFDE6 /* FESwiftInterviewUITests.swift */ = {isa = PBXFileReference; lastKnownFileType = sourcecode.swift; path = FESwiftInterviewUITests.swift; sourceTree = "<group>"; };
		A8262BB61EF1EEFD00DFFDE6 /* Info.plist */ = {isa = PBXFileReference; lastKnownFileType = text.plist.xml; path = Info.plist; sourceTree = "<group>"; };
		A85A37D21EF350BD002B3C79 /* BuyProtocol.swift */ = {isa = PBXFileReference; fileEncoding = 4; lastKnownFileType = sourcecode.swift; path = BuyProtocol.swift; sourceTree = "<group>"; };
		C522A0171EF4D0C200405F13 /* Student.swift */ = {isa = PBXFileReference; fileEncoding = 4; lastKnownFileType = sourcecode.swift; path = Student.swift; sourceTree = "<group>"; };
		C522A0191EF4E2A900405F13 /* Extension.swift */ = {isa = PBXFileReference; fileEncoding = 4; lastKnownFileType = sourcecode.swift; path = Extension.swift; sourceTree = "<group>"; };
/* End PBXFileReference section */

/* Begin PBXFrameworksBuildPhase section */
		A8262B8E1EF1EEFC00DFFDE6 /* Frameworks */ = {
			isa = PBXFrameworksBuildPhase;
			buildActionMask = 2147483647;
			files = (
			);
			runOnlyForDeploymentPostprocessing = 0;
		};
		A8262BA21EF1EEFD00DFFDE6 /* Frameworks */ = {
			isa = PBXFrameworksBuildPhase;
			buildActionMask = 2147483647;
			files = (
			);
			runOnlyForDeploymentPostprocessing = 0;
		};
		A8262BAD1EF1EEFD00DFFDE6 /* Frameworks */ = {
			isa = PBXFrameworksBuildPhase;
			buildActionMask = 2147483647;
			files = (
			);
			runOnlyForDeploymentPostprocessing = 0;
		};
/* End PBXFrameworksBuildPhase section */

/* Begin PBXGroup section */
		A8262B881EF1EEFC00DFFDE6 = {
			isa = PBXGroup;
			children = (
				A8262B931EF1EEFC00DFFDE6 /* FESwiftInterview */,
				A8262BA81EF1EEFD00DFFDE6 /* FESwiftInterviewTests */,
				A8262BB31EF1EEFD00DFFDE6 /* FESwiftInterviewUITests */,
				A8262B921EF1EEFC00DFFDE6 /* Products */,
			);
			sourceTree = "<group>";
		};
		A8262B921EF1EEFC00DFFDE6 /* Products */ = {
			isa = PBXGroup;
			children = (
				A8262B911EF1EEFC00DFFDE6 /* FESwiftInterview.app */,
				A8262BA51EF1EEFD00DFFDE6 /* FESwiftInterviewTests.xctest */,
				A8262BB01EF1EEFD00DFFDE6 /* FESwiftInterviewUITests.xctest */,
			);
			name = Products;
			sourceTree = "<group>";
		};
		A8262B931EF1EEFC00DFFDE6 /* FESwiftInterview */ = {
			isa = PBXGroup;
			children = (
				A8262B941EF1EEFC00DFFDE6 /* AppDelegate.swift */,
				A8262B961EF1EEFC00DFFDE6 /* ViewController.swift */,
				A8262B981EF1EEFC00DFFDE6 /* Main.storyboard */,
				A8262B9B1EF1EEFC00DFFDE6 /* Assets.xcassets */,
				A8262B9D1EF1EEFC00DFFDE6 /* LaunchScreen.storyboard */,
				A8262BA01EF1EEFC00DFFDE6 /* Info.plist */,
				A85A37D21EF350BD002B3C79 /* BuyProtocol.swift */,
				C522A0171EF4D0C200405F13 /* Student.swift */,
				C522A0191EF4E2A900405F13 /* Extension.swift */,
			);
			path = FESwiftInterview;
			sourceTree = "<group>";
		};
		A8262BA81EF1EEFD00DFFDE6 /* FESwiftInterviewTests */ = {
			isa = PBXGroup;
			children = (
				A8262BA91EF1EEFD00DFFDE6 /* FESwiftInterviewTests.swift */,
				A8262BAB1EF1EEFD00DFFDE6 /* Info.plist */,
			);
			path = FESwiftInterviewTests;
			sourceTree = "<group>";
		};
		A8262BB31EF1EEFD00DFFDE6 /* FESwiftInterviewUITests */ = {
			isa = PBXGroup;
			children = (
				A8262BB41EF1EEFD00DFFDE6 /* FESwiftInterviewUITests.swift */,
				A8262BB61EF1EEFD00DFFDE6 /* Info.plist */,
			);
			path = FESwiftInterviewUITests;
			sourceTree = "<group>";
		};
/* End PBXGroup section */

/* Begin PBXNativeTarget section */
		A8262B901EF1EEFC00DFFDE6 /* FESwiftInterview */ = {
			isa = PBXNativeTarget;
			buildConfigurationList = A8262BB91EF1EEFD00DFFDE6 /* Build configuration list for PBXNativeTarget "FESwiftInterview" */;
			buildPhases = (
				A8262B8D1EF1EEFC00DFFDE6 /* Sources */,
				A8262B8E1EF1EEFC00DFFDE6 /* Frameworks */,
				A8262B8F1EF1EEFC00DFFDE6 /* Resources */,
			);
			buildRules = (
			);
			dependencies = (
			);
			name = FESwiftInterview;
			productName = FESwiftInterview;
			productReference = A8262B911EF1EEFC00DFFDE6 /* FESwiftInterview.app */;
			productType = "com.apple.product-type.application";
		};
		A8262BA41EF1EEFD00DFFDE6 /* FESwiftInterviewTests */ = {
			isa = PBXNativeTarget;
			buildConfigurationList = A8262BBC1EF1EEFD00DFFDE6 /* Build configuration list for PBXNativeTarget "FESwiftInterviewTests" */;
			buildPhases = (
				A8262BA11EF1EEFD00DFFDE6 /* Sources */,
				A8262BA21EF1EEFD00DFFDE6 /* Frameworks */,
				A8262BA31EF1EEFD00DFFDE6 /* Resources */,
			);
			buildRules = (
			);
			dependencies = (
				A8262BA71EF1EEFD00DFFDE6 /* PBXTargetDependency */,
			);
			name = FESwiftInterviewTests;
			productName = FESwiftInterviewTests;
			productReference = A8262BA51EF1EEFD00DFFDE6 /* FESwiftInterviewTests.xctest */;
			productType = "com.apple.product-type.bundle.unit-test";
		};
		A8262BAF1EF1EEFD00DFFDE6 /* FESwiftInterviewUITests */ = {
			isa = PBXNativeTarget;
			buildConfigurationList = A8262BBF1EF1EEFD00DFFDE6 /* Build configuration list for PBXNativeTarget "FESwiftInterviewUITests" */;
			buildPhases = (
				A8262BAC1EF1EEFD00DFFDE6 /* Sources */,
				A8262BAD1EF1EEFD00DFFDE6 /* Frameworks */,
				A8262BAE1EF1EEFD00DFFDE6 /* Resources */,
			);
			buildRules = (
			);
			dependencies = (
				A8262BB21EF1EEFD00DFFDE6 /* PBXTargetDependency */,
			);
			name = FESwiftInterviewUITests;
			productName = FESwiftInterviewUITests;
			productReference = A8262BB01EF1EEFD00DFFDE6 /* FESwiftInterviewUITests.xctest */;
			productType = "com.apple.product-type.bundle.ui-testing";
		};
/* End PBXNativeTarget section */

/* Begin PBXProject section */
		A8262B891EF1EEFC00DFFDE6 /* Project object */ = {
			isa = PBXProject;
			attributes = {
				LastSwiftUpdateCheck = 0830;
				LastUpgradeCheck = 0830;
				ORGANIZATIONNAME = FlyElephant;
				TargetAttributes = {
					A8262B901EF1EEFC00DFFDE6 = {
						CreatedOnToolsVersion = 8.3.3;
						ProvisioningStyle = Automatic;
					};
					A8262BA41EF1EEFD00DFFDE6 = {
						CreatedOnToolsVersion = 8.3.3;
						ProvisioningStyle = Automatic;
						TestTargetID = A8262B901EF1EEFC00DFFDE6;
					};
					A8262BAF1EF1EEFD00DFFDE6 = {
						CreatedOnToolsVersion = 8.3.3;
						ProvisioningStyle = Automatic;
						TestTargetID = A8262B901EF1EEFC00DFFDE6;
					};
				};
			};
			buildConfigurationList = A8262B8C1EF1EEFC00DFFDE6 /* Build configuration list for PBXProject "FESwiftInterview" */;
			compatibilityVersion = "Xcode 3.2";
			developmentRegion = English;
			hasScannedForEncodings = 0;
			knownRegions = (
				en,
				Base,
			);
			mainGroup = A8262B881EF1EEFC00DFFDE6;
			productRefGroup = A8262B921EF1EEFC00DFFDE6 /* Products */;
			projectDirPath = "";
			projectRoot = "";
			targets = (
				A8262B901EF1EEFC00DFFDE6 /* FESwiftInterview */,
				A8262BA41EF1EEFD00DFFDE6 /* FESwiftInterviewTests */,
				A8262BAF1EF1EEFD00DFFDE6 /* FESwiftInterviewUITests */,
			);
		};
/* End PBXProject section */

/* Begin PBXResourcesBuildPhase section */
		A8262B8F1EF1EEFC00DFFDE6 /* Resources */ = {
			isa = PBXResourcesBuildPhase;
			buildActionMask = 2147483647;
			files = (
				A8262B9F1EF1EEFC00DFFDE6 /* LaunchScreen.storyboard in Resources */,
				A8262B9C1EF1EEFC00DFFDE6 /* Assets.xcassets in Resources */,
				A8262B9A1EF1EEFC00DFFDE6 /* Main.storyboard in Resources */,
			);
			runOnlyForDeploymentPostprocessing = 0;
		};
		A8262BA31EF1EEFD00DFFDE6 /* Resources */ = {
			isa = PBXResourcesBuildPhase;
			buildActionMask = 2147483647;
			files = (
			);
			runOnlyForDeploymentPostprocessing = 0;
		};
		A8262BAE1EF1EEFD00DFFDE6 /* Resources */ = {
			isa = PBXResourcesBuildPhase;
			buildActionMask = 2147483647;
			files = (
			);
			runOnlyForDeploymentPostprocessing = 0;
		};
/* End PBXResourcesBuildPhase section */

/* Begin PBXSourcesBuildPhase section */
		A8262B8D1EF1EEFC00DFFDE6 /* Sources */ = {
			isa = PBXSourcesBuildPhase;
			buildActionMask = 2147483647;
			files = (
				C522A01A1EF4E2A900405F13 /* Extension.swift in Sources */,
				A8262B971EF1EEFC00DFFDE6 /* ViewController.swift in Sources */,
				A85A37D31EF350BD002B3C79 /* BuyProtocol.swift in Sources */,
				A8262B951EF1EEFC00DFFDE6 /* AppDelegate.swift in Sources */,
				C522A0181EF4D0C200405F13 /* Student.swift in Sources */,
			);
			runOnlyForDeploymentPostprocessing = 0;
		};
		A8262BA11EF1EEFD00DFFDE6 /* Sources */ = {
			isa = PBXSourcesBuildPhase;
			buildActionMask = 2147483647;
			files = (
				A8262BAA1EF1EEFD00DFFDE6 /* FESwiftInterviewTests.swift in Sources */,
			);
			runOnlyForDeploymentPostprocessing = 0;
		};
		A8262BAC1EF1EEFD00DFFDE6 /* Sources */ = {
			isa = PBXSourcesBuildPhase;
			buildActionMask = 2147483647;
			files = (
				A8262BB51EF1EEFD00DFFDE6 /* FESwiftInterviewUITests.swift in Sources */,
			);
			runOnlyForDeploymentPostprocessing = 0;
		};
/* End PBXSourcesBuildPhase section */

/* Begin PBXTargetDependency section */
		A8262BA71EF1EEFD00DFFDE6 /* PBXTargetDependency */ = {
			isa = PBXTargetDependency;
			target = A8262B901EF1EEFC00DFFDE6 /* FESwiftInterview */;
			targetProxy = A8262BA61EF1EEFD00DFFDE6 /* PBXContainerItemProxy */;
		};
		A8262BB21EF1EEFD00DFFDE6 /* PBXTargetDependency */ = {
			isa = PBXTargetDependency;
			target = A8262B901EF1EEFC00DFFDE6 /* FESwiftInterview */;
			targetProxy = A8262BB11EF1EEFD00DFFDE6 /* PBXContainerItemProxy */;
		};
/* End PBXTargetDependency section */

/* Begin PBXVariantGroup section */
		A8262B981EF1EEFC00DFFDE6 /* Main.storyboard */ = {
			isa = PBXVariantGroup;
			children = (
				A8262B991EF1EEFC00DFFDE6 /* Base */,
			);
			name = Main.storyboard;
			sourceTree = "<group>";
		};
		A8262B9D1EF1EEFC00DFFDE6 /* LaunchScreen.storyboard */ = {
			isa = PBXVariantGroup;
			children = (
				A8262B9E1EF1EEFC00DFFDE6 /* Base */,
			);
			name = LaunchScreen.storyboard;
			sourceTree = "<group>";
		};
/* End PBXVariantGroup section */

/* Begin XCBuildConfiguration section */
		A8262BB71EF1EEFD00DFFDE6 /* Debug */ = {
			isa = XCBuildConfiguration;
			buildSettings = {
				ALWAYS_SEARCH_USER_PATHS = NO;
				CLANG_ANALYZER_NONNULL = YES;
				CLANG_ANALYZER_NUMBER_OBJECT_CONVERSION = YES_AGGRESSIVE;
				CLANG_CXX_LANGUAGE_STANDARD = "gnu++0x";
				CLANG_CXX_LIBRARY = "libc++";
				CLANG_ENABLE_MODULES = YES;
				CLANG_ENABLE_OBJC_ARC = YES;
				CLANG_WARN_BOOL_CONVERSION = YES;
				CLANG_WARN_CONSTANT_CONVERSION = YES;
				CLANG_WARN_DIRECT_OBJC_ISA_USAGE = YES_ERROR;
				CLANG_WARN_DOCUMENTATION_COMMENTS = YES;
				CLANG_WARN_EMPTY_BODY = YES;
				CLANG_WARN_ENUM_CONVERSION = YES;
				CLANG_WARN_INFINITE_RECURSION = YES;
				CLANG_WARN_INT_CONVERSION = YES;
				CLANG_WARN_OBJC_ROOT_CLASS = YES_ERROR;
				CLANG_WARN_SUSPICIOUS_MOVE = YES;
				CLANG_WARN_UNREACHABLE_CODE = YES;
				CLANG_WARN__DUPLICATE_METHOD_MATCH = YES;
				"CODE_SIGN_IDENTITY[sdk=iphoneos*]" = "iPhone Developer";
				COPY_PHASE_STRIP = NO;
				DEBUG_INFORMATION_FORMAT = dwarf;
				ENABLE_STRICT_OBJC_MSGSEND = YES;
				ENABLE_TESTABILITY = YES;
				GCC_C_LANGUAGE_STANDARD = gnu99;
				GCC_DYNAMIC_NO_PIC = NO;
				GCC_NO_COMMON_BLOCKS = YES;
				GCC_OPTIMIZATION_LEVEL = 0;
				GCC_PREPROCESSOR_DEFINITIONS = (
					"DEBUG=1",
					"$(inherited)",
				);
				GCC_WARN_64_TO_32_BIT_CONVERSION = YES;
				GCC_WARN_ABOUT_RETURN_TYPE = YES_ERROR;
				GCC_WARN_UNDECLARED_SELECTOR = YES;
				GCC_WARN_UNINITIALIZED_AUTOS = YES_AGGRESSIVE;
				GCC_WARN_UNUSED_FUNCTION = YES;
				GCC_WARN_UNUSED_VARIABLE = YES;
				IPHONEOS_DEPLOYMENT_TARGET = 10.3;
				MTL_ENABLE_DEBUG_INFO = YES;
				ONLY_ACTIVE_ARCH = YES;
				SDKROOT = iphoneos;
				SWIFT_ACTIVE_COMPILATION_CONDITIONS = DEBUG;
				SWIFT_OPTIMIZATION_LEVEL = "-Onone";
				TARGETED_DEVICE_FAMILY = "1,2";
			};
			name = Debug;
		};
		A8262BB81EF1EEFD00DFFDE6 /* Release */ = {
			isa = XCBuildConfiguration;
			buildSettings = {
				ALWAYS_SEARCH_USER_PATHS = NO;
				CLANG_ANALYZER_NONNULL = YES;
				CLANG_ANALYZER_NUMBER_OBJECT_CONVERSION = YES_AGGRESSIVE;
				CLANG_CXX_LANGUAGE_STANDARD = "gnu++0x";
				CLANG_CXX_LIBRARY = "libc++";
				CLANG_ENABLE_MODULES = YES;
				CLANG_ENABLE_OBJC_ARC = YES;
				CLANG_WARN_BOOL_CONVERSION = YES;
				CLANG_WARN_CONSTANT_CONVERSION = YES;
				CLANG_WARN_DIRECT_OBJC_ISA_USAGE = YES_ERROR;
				CLANG_WARN_DOCUMENTATION_COMMENTS = YES;
				CLANG_WARN_EMPTY_BODY = YES;
				CLANG_WARN_ENUM_CONVERSION = YES;
				CLANG_WARN_INFINITE_RECURSION = YES;
				CLANG_WARN_INT_CONVERSION = YES;
				CLANG_WARN_OBJC_ROOT_CLASS = YES_ERROR;
				CLANG_WARN_SUSPICIOUS_MOVE = YES;
				CLANG_WARN_UNREACHABLE_CODE = YES;
				CLANG_WARN__DUPLICATE_METHOD_MATCH = YES;
				"CODE_SIGN_IDENTITY[sdk=iphoneos*]" = "iPhone Developer";
				COPY_PHASE_STRIP = NO;
				DEBUG_INFORMATION_FORMAT = "dwarf-with-dsym";
				ENABLE_NS_ASSERTIONS = NO;
				ENABLE_STRICT_OBJC_MSGSEND = YES;
				GCC_C_LANGUAGE_STANDARD = gnu99;
				GCC_NO_COMMON_BLOCKS = YES;
				GCC_WARN_64_TO_32_BIT_CONVERSION = YES;
				GCC_WARN_ABOUT_RETURN_TYPE = YES_ERROR;
				GCC_WARN_UNDECLARED_SELECTOR = YES;
				GCC_WARN_UNINITIALIZED_AUTOS = YES_AGGRESSIVE;
				GCC_WARN_UNUSED_FUNCTION = YES;
				GCC_WARN_UNUSED_VARIABLE = YES;
				IPHONEOS_DEPLOYMENT_TARGET = 10.3;
				MTL_ENABLE_DEBUG_INFO = NO;
				SDKROOT = iphoneos;
				SWIFT_OPTIMIZATION_LEVEL = "-Owholemodule";
				TARGETED_DEVICE_FAMILY = "1,2";
				VALIDATE_PRODUCT = YES;
			};
			name = Release;
		};
		A8262BBA1EF1EEFD00DFFDE6 /* Debug */ = {
			isa = XCBuildConfiguration;
			buildSettings = {
				ASSETCATALOG_COMPILER_APPICON_NAME = AppIcon;
				INFOPLIST_FILE = FESwiftInterview/Info.plist;
				LD_RUNPATH_SEARCH_PATHS = "$(inherited) @executable_path/Frameworks";
				PRODUCT_BUNDLE_IDENTIFIER = FlyElephant.FESwiftInterview;
				PRODUCT_NAME = "$(TARGET_NAME)";
				SWIFT_VERSION = 3.0;
			};
			name = Debug;
		};
		A8262BBB1EF1EEFD00DFFDE6 /* Release */ = {
			isa = XCBuildConfiguration;
			buildSettings = {
				ASSETCATALOG_COMPILER_APPICON_NAME = AppIcon;
				INFOPLIST_FILE = FESwiftInterview/Info.plist;
				LD_RUNPATH_SEARCH_PATHS = "$(inherited) @executable_path/Frameworks";
				PRODUCT_BUNDLE_IDENTIFIER = FlyElephant.FESwiftInterview;
				PRODUCT_NAME = "$(TARGET_NAME)";
				SWIFT_VERSION = 3.0;
			};
			name = Release;
		};
		A8262BBD1EF1EEFD00DFFDE6 /* Debug */ = {
			isa = XCBuildConfiguration;
			buildSettings = {
				ALWAYS_EMBED_SWIFT_STANDARD_LIBRARIES = YES;
				BUNDLE_LOADER = "$(TEST_HOST)";
				INFOPLIST_FILE = FESwiftInterviewTests/Info.plist;
				LD_RUNPATH_SEARCH_PATHS = "$(inherited) @executable_path/Frameworks @loader_path/Frameworks";
				PRODUCT_BUNDLE_IDENTIFIER = FlyElephant.FESwiftInterviewTests;
				PRODUCT_NAME = "$(TARGET_NAME)";
				SWIFT_VERSION = 3.0;
				TEST_HOST = "$(BUILT_PRODUCTS_DIR)/FESwiftInterview.app/FESwiftInterview";
			};
			name = Debug;
		};
		A8262BBE1EF1EEFD00DFFDE6 /* Release */ = {
			isa = XCBuildConfiguration;
			buildSettings = {
				ALWAYS_EMBED_SWIFT_STANDARD_LIBRARIES = YES;
				BUNDLE_LOADER = "$(TEST_HOST)";
				INFOPLIST_FILE = FESwiftInterviewTests/Info.plist;
				LD_RUNPATH_SEARCH_PATHS = "$(inherited) @executable_path/Frameworks @loader_path/Frameworks";
				PRODUCT_BUNDLE_IDENTIFIER = FlyElephant.FESwiftInterviewTests;
				PRODUCT_NAME = "$(TARGET_NAME)";
				SWIFT_VERSION = 3.0;
				TEST_HOST = "$(BUILT_PRODUCTS_DIR)/FESwiftInterview.app/FESwiftInterview";
			};
			name = Release;
		};
		A8262BC01EF1EEFD00DFFDE6 /* Debug */ = {
			isa = XCBuildConfiguration;
			buildSettings = {
				ALWAYS_EMBED_SWIFT_STANDARD_LIBRARIES = YES;
				INFOPLIST_FILE = FESwiftInterviewUITests/Info.plist;
				LD_RUNPATH_SEARCH_PATHS = "$(inherited) @executable_path/Frameworks @loader_path/Frameworks";
				PRODUCT_BUNDLE_IDENTIFIER = FlyElephant.FESwiftInterviewUITests;
				PRODUCT_NAME = "$(TARGET_NAME)";
				SWIFT_VERSION = 3.0;
				TEST_TARGET_NAME = FESwiftInterview;
			};
			name = Debug;
		};
		A8262BC11EF1EEFD00DFFDE6 /* Release */ = {
			isa = XCBuildConfiguration;
			buildSettings = {
				ALWAYS_EMBED_SWIFT_STANDARD_LIBRARIES = YES;
				INFOPLIST_FILE = FESwiftInterviewUITests/Info.plist;
				LD_RUNPATH_SEARCH_PATHS = "$(inherited) @executable_path/Frameworks @loader_path/Frameworks";
				PRODUCT_BUNDLE_IDENTIFIER = FlyElephant.FESwiftInterviewUITests;
				PRODUCT_NAME = "$(TARGET_NAME)";
				SWIFT_VERSION = 3.0;
				TEST_TARGET_NAME = FESwiftInterview;
			};
			name = Release;
		};
/* End XCBuildConfiguration section */

/* Begin XCConfigurationList section */
		A8262B8C1EF1EEFC00DFFDE6 /* Build configuration list for PBXProject "FESwiftInterview" */ = {
			isa = XCConfigurationList;
			buildConfigurations = (
				A8262BB71EF1EEFD00DFFDE6 /* Debug */,
				A8262BB81EF1EEFD00DFFDE6 /* Release */,
			);
			defaultConfigurationIsVisible = 0;
			defaultConfigurationName = Release;
		};
		A8262BB91EF1EEFD00DFFDE6 /* Build configuration list for PBXNativeTarget "FESwiftInterview" */ = {
			isa = XCConfigurationList;
			buildConfigurations = (
				A8262BBA1EF1EEFD00DFFDE6 /* Debug */,
				A8262BBB1EF1EEFD00DFFDE6 /* Release */,
			);
			defaultConfigurationIsVisible = 0;
			defaultConfigurationName = Release;
		};
		A8262BBC1EF1EEFD00DFFDE6 /* Build configuration list for PBXNativeTarget "FESwiftInterviewTests" */ = {
			isa = XCConfigurationList;
			buildConfigurations = (
				A8262BBD1EF1EEFD00DFFDE6 /* Debug */,
				A8262BBE1EF1EEFD00DFFDE6 /* Release */,
			);
			defaultConfigurationIsVisible = 0;
			defaultConfigurationName = Release;
		};
		A8262BBF1EF1EEFD00DFFDE6 /* Build configuration list for PBXNativeTarget "FESwiftInterviewUITests" */ = {
			isa = XCConfigurationList;
			buildConfigurations = (
				A8262BC01EF1EEFD00DFFDE6 /* Debug */,
				A8262BC11EF1EEFD00DFFDE6 /* Release */,
			);
			defaultConfigurationIsVisible = 0;
			defaultConfigurationName = Release;
		};
/* End XCConfigurationList section */
	};
	rootObject = A8262B891EF1EEFC00DFFDE6 /* Project object */;
}
